
Microsoft Visual Studio Solution File, Format Version 12.00
# Visual Studio 15
VisualStudioVersion = 15.0.27703.2018
MinimumVisualStudioVersion = 10.0.40219.1
Project("{FAE04EC0-301F-11D3-BF4B-00C04F79EFBC}") = "XamarinForms.Toolkit.Helpers", "XamarinForms.Toolkit.Helpers\XamarinForms.Toolkit.Helpers.csproj", "{0789613F-045C-4887-9078-0CD3DE8A28A4}"
EndProject
Global
	GlobalSection(SolutionConfigurationPlatforms) = preSolution
		Debug|Any CPU = Debug|Any CPU
		Release|Any CPU = Release|Any CPU
	EndGlobalSection
	GlobalSection(ProjectConfigurationPlatforms) = postSolution
		{0789613F-045C-4887-9078-0CD3DE8A28A4}.Debug|Any CPU.ActiveCfg = Debug|Any CPU
		{0789613F-045C-4887-9078-0CD3DE8A28A4}.Debug|Any CPU.Build.0 = Debug|Any CPU
		{0789613F-045C-4887-9078-0CD3DE8A28A4}.Release|Any CPU.ActiveCfg = Release|Any CPU
		{0789613F-045C-4887-9078-0CD3DE8A28A4}.Release|Any CPU.Build.0 = Release|Any CPU
	EndGlobalSection
	GlobalSection(SolutionProperties) = preSolution
		HideSolutionNode = FALSE
	EndGlobalSection
	GlobalSection(ExtensibilityGlobals) = postSolution
		SolutionGuid = {CC0F6373-2072-48D5-AE47-1A170EE49438}
	EndGlobalSection
EndGlobal
